// !$*UTF8*$!
{
	archiveVersion = 1;
	classes = {
	};
	objectVersion = 46;
	objects = {

/* Begin PBXBuildFile section */
		1E84558D1DE6B1B6002607DF /* SwiftyRest.h in Headers */ = {isa = PBXBuildFile; fileRef = 1E84558C1DE6B1B6002607DF /* SwiftyRest.h */; settings = {ATTRIBUTES = (Public, ); }; };
		1E8455941DE6B1B6002607DF /* SwiftyRest.framework in Frameworks */ = {isa = PBXBuildFile; fileRef = 1E8455891DE6B1B6002607DF /* SwiftyRest.framework */; };
		1E8455991DE6B1B6002607DF /* SwiftyRestTests.swift in Sources */ = {isa = PBXBuildFile; fileRef = 1E8455981DE6B1B6002607DF /* SwiftyRestTests.swift */; };
		1E8455A51DE6B5EA002607DF /* ServiceConstants.swift in Sources */ = {isa = PBXBuildFile; fileRef = 1E8455A41DE6B5EA002607DF /* ServiceConstants.swift */; };
		1E8455A71DE6C965002607DF /* ServiceHelper.swift in Sources */ = {isa = PBXBuildFile; fileRef = 1E8455A61DE6C965002607DF /* ServiceHelper.swift */; };
		1E8455AA1DE6CA8B002607DF /* UriBuilder.swift in Sources */ = {isa = PBXBuildFile; fileRef = 1E8455A91DE6CA8B002607DF /* UriBuilder.swift */; };
		1E8455AC1DE6CBCD002607DF /* LinkRel.swift in Sources */ = {isa = PBXBuildFile; fileRef = 1E8455AB1DE6CBCD002607DF /* LinkRel.swift */; };
		1E8455AE1DE6CC69002607DF /* RestRequest.swift in Sources */ = {isa = PBXBuildFile; fileRef = 1E8455AD1DE6CC69002607DF /* RestRequest.swift */; };
		1E8455B31DE6CD29002607DF /* LogUitility.swift in Sources */ = {isa = PBXBuildFile; fileRef = 1E8455B21DE6CD29002607DF /* LogUitility.swift */; };
		1E8455B61DE6DA16002607DF /* Error.swift in Sources */ = {isa = PBXBuildFile; fileRef = 1E8455B51DE6DA16002607DF /* Error.swift */; };
		1E8455BA1DE6EAAE002607DF /* FileUtility.swift in Sources */ = {isa = PBXBuildFile; fileRef = 1E8455B91DE6EAAE002607DF /* FileUtility.swift */; };
		1E8456BD1DEFBCD8002607DF /* RequestBase.swift in Sources */ = {isa = PBXBuildFile; fileRef = 1E8456BC1DEFBCD8002607DF /* RequestBase.swift */; };
		1E8456C01DEFD065002607DF /* RestObject.swift in Sources */ = {isa = PBXBuildFile; fileRef = 1E8456BF1DEFD065002607DF /* RestObject.swift */; };
		1E8456C21DEFEA5A002607DF /* ObjectProperties.swift in Sources */ = {isa = PBXBuildFile; fileRef = 1E8456C11DEFEA5A002607DF /* ObjectProperties.swift */; };
		1E8458961DF545E8002607DF /* RequestHelper.swift in Sources */ = {isa = PBXBuildFile; fileRef = 1E8458951DF545E8002607DF /* RequestHelper.swift */; };
		1E8458981DF54784002607DF /* Utility.swift in Sources */ = {isa = PBXBuildFile; fileRef = 1E8458971DF54784002607DF /* Utility.swift */; };
		FB00F70B306E365F7398F841 /* Pods_SwiftyRest.framework in Frameworks */ = {isa = PBXBuildFile; fileRef = 54B653E235C0DA39C926E5CB /* Pods_SwiftyRest.framework */; };
/* End PBXBuildFile section */

/* Begin PBXContainerItemProxy section */
		1E8455951DE6B1B6002607DF /* PBXContainerItemProxy */ = {
			isa = PBXContainerItemProxy;
			containerPortal = 1E8455801DE6B1B6002607DF /* Project object */;
			proxyType = 1;
			remoteGlobalIDString = 1E8455881DE6B1B6002607DF;
			remoteInfo = SwiftyRest;
		};
/* End PBXContainerItemProxy section */

/* Begin PBXFileReference section */
		1E8455891DE6B1B6002607DF /* SwiftyRest.framework */ = {isa = PBXFileReference; explicitFileType = wrapper.framework; includeInIndex = 0; path = SwiftyRest.framework; sourceTree = BUILT_PRODUCTS_DIR; };
		1E84558C1DE6B1B6002607DF /* SwiftyRest.h */ = {isa = PBXFileReference; lastKnownFileType = sourcecode.c.h; path = SwiftyRest.h; sourceTree = "<group>"; };
		1E84558E1DE6B1B6002607DF /* Info.plist */ = {isa = PBXFileReference; lastKnownFileType = text.plist.xml; path = Info.plist; sourceTree = "<group>"; };
		1E8455931DE6B1B6002607DF /* SwiftyRestTests.xctest */ = {isa = PBXFileReference; explicitFileType = wrapper.cfbundle; includeInIndex = 0; path = SwiftyRestTests.xctest; sourceTree = BUILT_PRODUCTS_DIR; };
		1E8455981DE6B1B6002607DF /* SwiftyRestTests.swift */ = {isa = PBXFileReference; lastKnownFileType = sourcecode.swift; path = SwiftyRestTests.swift; sourceTree = "<group>"; };
		1E84559A1DE6B1B6002607DF /* Info.plist */ = {isa = PBXFileReference; lastKnownFileType = text.plist.xml; path = Info.plist; sourceTree = "<group>"; };
		1E8455A41DE6B5EA002607DF /* ServiceConstants.swift */ = {isa = PBXFileReference; fileEncoding = 4; lastKnownFileType = sourcecode.swift; path = ServiceConstants.swift; sourceTree = "<group>"; };
		1E8455A61DE6C965002607DF /* ServiceHelper.swift */ = {isa = PBXFileReference; fileEncoding = 4; lastKnownFileType = sourcecode.swift; path = ServiceHelper.swift; sourceTree = "<group>"; };
		1E8455A91DE6CA8B002607DF /* UriBuilder.swift */ = {isa = PBXFileReference; fileEncoding = 4; lastKnownFileType = sourcecode.swift; path = UriBuilder.swift; sourceTree = "<group>"; };
		1E8455AB1DE6CBCD002607DF /* LinkRel.swift */ = {isa = PBXFileReference; fileEncoding = 4; lastKnownFileType = sourcecode.swift; path = LinkRel.swift; sourceTree = "<group>"; };
		1E8455AD1DE6CC69002607DF /* RestRequest.swift */ = {isa = PBXFileReference; fileEncoding = 4; lastKnownFileType = sourcecode.swift; path = RestRequest.swift; sourceTree = "<group>"; };
		1E8455B21DE6CD29002607DF /* LogUitility.swift */ = {isa = PBXFileReference; fileEncoding = 4; lastKnownFileType = sourcecode.swift; path = LogUitility.swift; sourceTree = "<group>"; };
		1E8455B51DE6DA16002607DF /* Error.swift */ = {isa = PBXFileReference; fileEncoding = 4; lastKnownFileType = sourcecode.swift; path = Error.swift; sourceTree = "<group>"; };
		1E8455B91DE6EAAE002607DF /* FileUtility.swift */ = {isa = PBXFileReference; fileEncoding = 4; lastKnownFileType = sourcecode.swift; path = FileUtility.swift; sourceTree = "<group>"; };
		1E8456BC1DEFBCD8002607DF /* RequestBase.swift */ = {isa = PBXFileReference; fileEncoding = 4; lastKnownFileType = sourcecode.swift; path = RequestBase.swift; sourceTree = "<group>"; };
		1E8456BF1DEFD065002607DF /* RestObject.swift */ = {isa = PBXFileReference; fileEncoding = 4; lastKnownFileType = sourcecode.swift; path = RestObject.swift; sourceTree = "<group>"; };
		1E8456C11DEFEA5A002607DF /* ObjectProperties.swift */ = {isa = PBXFileReference; fileEncoding = 4; lastKnownFileType = sourcecode.swift; path = ObjectProperties.swift; sourceTree = "<group>"; };
		1E8458951DF545E8002607DF /* RequestHelper.swift */ = {isa = PBXFileReference; fileEncoding = 4; lastKnownFileType = sourcecode.swift; path = RequestHelper.swift; sourceTree = "<group>"; };
		1E8458971DF54784002607DF /* Utility.swift */ = {isa = PBXFileReference; fileEncoding = 4; lastKnownFileType = sourcecode.swift; path = Utility.swift; sourceTree = "<group>"; };
		3761D4B0331658F87034F91D /* Pods-SwiftyRest.debug.xcconfig */ = {isa = PBXFileReference; includeInIndex = 1; lastKnownFileType = text.xcconfig; name = "Pods-SwiftyRest.debug.xcconfig"; path = "Pods/Target Support Files/Pods-SwiftyRest/Pods-SwiftyRest.debug.xcconfig"; sourceTree = "<group>"; };
		54B653E235C0DA39C926E5CB /* Pods_SwiftyRest.framework */ = {isa = PBXFileReference; explicitFileType = wrapper.framework; includeInIndex = 0; path = Pods_SwiftyRest.framework; sourceTree = BUILT_PRODUCTS_DIR; };
		7A517F53B287B1598B796F0E /* Pods-SwiftyRest.release.xcconfig */ = {isa = PBXFileReference; includeInIndex = 1; lastKnownFileType = text.xcconfig; name = "Pods-SwiftyRest.release.xcconfig"; path = "Pods/Target Support Files/Pods-SwiftyRest/Pods-SwiftyRest.release.xcconfig"; sourceTree = "<group>"; };
		91BA2397F286294F5840F652 /* Pods_Tests_SwiftyRestTests.framework */ = {isa = PBXFileReference; explicitFileType = wrapper.framework; includeInIndex = 0; path = Pods_Tests_SwiftyRestTests.framework; sourceTree = BUILT_PRODUCTS_DIR; };
/* End PBXFileReference section */

/* Begin PBXFrameworksBuildPhase section */
		1E8455851DE6B1B6002607DF /* Frameworks */ = {
			isa = PBXFrameworksBuildPhase;
			buildActionMask = 2147483647;
			files = (
				FB00F70B306E365F7398F841 /* Pods_SwiftyRest.framework in Frameworks */,
			);
			runOnlyForDeploymentPostprocessing = 0;
		};
		1E8455901DE6B1B6002607DF /* Frameworks */ = {
			isa = PBXFrameworksBuildPhase;
			buildActionMask = 2147483647;
			files = (
				1E8455941DE6B1B6002607DF /* SwiftyRest.framework in Frameworks */,
			);
			runOnlyForDeploymentPostprocessing = 0;
		};
/* End PBXFrameworksBuildPhase section */

/* Begin PBXGroup section */
		10853627996748D51A8097C9 /* Pods */ = {
			isa = PBXGroup;
			children = (
				3761D4B0331658F87034F91D /* Pods-SwiftyRest.debug.xcconfig */,
				7A517F53B287B1598B796F0E /* Pods-SwiftyRest.release.xcconfig */,
			);
			name = Pods;
			sourceTree = "<group>";
		};
		1E84557F1DE6B1B6002607DF = {
			isa = PBXGroup;
			children = (
				1E84558B1DE6B1B6002607DF /* SwiftyRest */,
				1E8455971DE6B1B6002607DF /* SwiftyRestTests */,
				1E84558A1DE6B1B6002607DF /* Products */,
				10853627996748D51A8097C9 /* Pods */,
				B3E13CDF5A7343F86803BC6A /* Frameworks */,
			);
			sourceTree = "<group>";
		};
		1E84558A1DE6B1B6002607DF /* Products */ = {
			isa = PBXGroup;
			children = (
				1E8455891DE6B1B6002607DF /* SwiftyRest.framework */,
				1E8455931DE6B1B6002607DF /* SwiftyRestTests.xctest */,
			);
			name = Products;
			sourceTree = "<group>";
		};
		1E84558B1DE6B1B6002607DF /* SwiftyRest */ = {
			isa = PBXGroup;
			children = (
				1E8456BE1DEFD05A002607DF /* Model */,
				1E8455B41DE6DA08002607DF /* Error */,
				1E8455B01DE6CD12002607DF /* Utility */,
				1E8455AF1DE6CC73002607DF /* Request */,
				1E8455A81DE6CA81002607DF /* Uri */,
				1E8455A31DE6B5D6002607DF /* Base */,
				1E84558C1DE6B1B6002607DF /* SwiftyRest.h */,
				1E84558E1DE6B1B6002607DF /* Info.plist */,
			);
			path = SwiftyRest;
			sourceTree = "<group>";
		};
		1E8455971DE6B1B6002607DF /* SwiftyRestTests */ = {
			isa = PBXGroup;
			children = (
				1E8455981DE6B1B6002607DF /* SwiftyRestTests.swift */,
				1E84559A1DE6B1B6002607DF /* Info.plist */,
			);
			path = SwiftyRestTests;
			sourceTree = "<group>";
		};
		1E8455A31DE6B5D6002607DF /* Base */ = {
			isa = PBXGroup;
			children = (
				1E8455A41DE6B5EA002607DF /* ServiceConstants.swift */,
				1E8455A61DE6C965002607DF /* ServiceHelper.swift */,
			);
			name = Base;
			sourceTree = "<group>";
		};
		1E8455A81DE6CA81002607DF /* Uri */ = {
			isa = PBXGroup;
			children = (
				1E8455A91DE6CA8B002607DF /* UriBuilder.swift */,
				1E8455AB1DE6CBCD002607DF /* LinkRel.swift */,
			);
			name = Uri;
			sourceTree = "<group>";
		};
		1E8455AF1DE6CC73002607DF /* Request */ = {
			isa = PBXGroup;
			children = (
				1E8455AD1DE6CC69002607DF /* RestRequest.swift */,
				1E8456BC1DEFBCD8002607DF /* RequestBase.swift */,
				1E8458951DF545E8002607DF /* RequestHelper.swift */,
			);
			name = Request;
			sourceTree = "<group>";
		};
		1E8455B01DE6CD12002607DF /* Utility */ = {
			isa = PBXGroup;
			children = (
				1E8455B21DE6CD29002607DF /* LogUitility.swift */,
				1E8455B91DE6EAAE002607DF /* FileUtility.swift */,
				1E8458971DF54784002607DF /* Utility.swift */,
			);
			name = Utility;
			sourceTree = "<group>";
		};
		1E8455B41DE6DA08002607DF /* Error */ = {
			isa = PBXGroup;
			children = (
				1E8455B51DE6DA16002607DF /* Error.swift */,
			);
			name = Error;
			sourceTree = "<group>";
		};
		1E8456BE1DEFD05A002607DF /* Model */ = {
			isa = PBXGroup;
			children = (
				1E8456BF1DEFD065002607DF /* RestObject.swift */,
				1E8456C11DEFEA5A002607DF /* ObjectProperties.swift */,
			);
			name = Model;
			sourceTree = "<group>";
		};
		B3E13CDF5A7343F86803BC6A /* Frameworks */ = {
			isa = PBXGroup;
			children = (
				54B653E235C0DA39C926E5CB /* Pods_SwiftyRest.framework */,
				91BA2397F286294F5840F652 /* Pods_Tests_SwiftyRestTests.framework */,
			);
			name = Frameworks;
			sourceTree = "<group>";
		};
/* End PBXGroup section */

/* Begin PBXHeadersBuildPhase section */
		1E8455861DE6B1B6002607DF /* Headers */ = {
			isa = PBXHeadersBuildPhase;
			buildActionMask = 2147483647;
			files = (
				1E84558D1DE6B1B6002607DF /* SwiftyRest.h in Headers */,
			);
			runOnlyForDeploymentPostprocessing = 0;
		};
/* End PBXHeadersBuildPhase section */

/* Begin PBXNativeTarget section */
		1E8455881DE6B1B6002607DF /* SwiftyRest */ = {
			isa = PBXNativeTarget;
			buildConfigurationList = 1E84559D1DE6B1B6002607DF /* Build configuration list for PBXNativeTarget "SwiftyRest" */;
			buildPhases = (
				1D009F93258B686B32A5E26F /* [CP] Check Pods Manifest.lock */,
				1E8455841DE6B1B6002607DF /* Sources */,
				1E8455851DE6B1B6002607DF /* Frameworks */,
				1E8455861DE6B1B6002607DF /* Headers */,
				1E8455871DE6B1B6002607DF /* Resources */,
				2EEA6EC48A49975D0C7A4F5A /* [CP] Copy Pods Resources */,
			);
			buildRules = (
			);
			dependencies = (
			);
			name = SwiftyRest;
			productName = SwiftyRest;
			productReference = 1E8455891DE6B1B6002607DF /* SwiftyRest.framework */;
			productType = "com.apple.product-type.framework";
		};
		1E8455921DE6B1B6002607DF /* SwiftyRestTests */ = {
			isa = PBXNativeTarget;
			buildConfigurationList = 1E8455A01DE6B1B6002607DF /* Build configuration list for PBXNativeTarget "SwiftyRestTests" */;
			buildPhases = (
				1E84558F1DE6B1B6002607DF /* Sources */,
				1E8455901DE6B1B6002607DF /* Frameworks */,
				1E8455911DE6B1B6002607DF /* Resources */,
			);
			buildRules = (
			);
			dependencies = (
				1E8455961DE6B1B6002607DF /* PBXTargetDependency */,
			);
			name = SwiftyRestTests;
			productName = SwiftyRestTests;
			productReference = 1E8455931DE6B1B6002607DF /* SwiftyRestTests.xctest */;
			productType = "com.apple.product-type.bundle.unit-test";
		};
/* End PBXNativeTarget section */

/* Begin PBXProject section */
		1E8455801DE6B1B6002607DF /* Project object */ = {
			isa = PBXProject;
			attributes = {
				LastSwiftUpdateCheck = 0730;
				LastUpgradeCheck = 0920;
				ORGANIZATIONNAME = EMC;
				TargetAttributes = {
					1E8455881DE6B1B6002607DF = {
						CreatedOnToolsVersion = 7.3.1;
						LastSwiftMigration = 0920;
					};
					1E8455921DE6B1B6002607DF = {
						CreatedOnToolsVersion = 7.3.1;
						LastSwiftMigration = 0920;
					};
				};
			};
			buildConfigurationList = 1E8455831DE6B1B6002607DF /* Build configuration list for PBXProject "SwiftyRest" */;
			compatibilityVersion = "Xcode 3.2";
			developmentRegion = English;
			hasScannedForEncodings = 0;
			knownRegions = (
				en,
			);
			mainGroup = 1E84557F1DE6B1B6002607DF;
			productRefGroup = 1E84558A1DE6B1B6002607DF /* Products */;
			projectDirPath = "";
			projectRoot = "";
			targets = (
				1E8455881DE6B1B6002607DF /* SwiftyRest */,
				1E8455921DE6B1B6002607DF /* SwiftyRestTests */,
			);
		};
/* End PBXProject section */

/* Begin PBXResourcesBuildPhase section */
		1E8455871DE6B1B6002607DF /* Resources */ = {
			isa = PBXResourcesBuildPhase;
			buildActionMask = 2147483647;
			files = (
			);
			runOnlyForDeploymentPostprocessing = 0;
		};
		1E8455911DE6B1B6002607DF /* Resources */ = {
			isa = PBXResourcesBuildPhase;
			buildActionMask = 2147483647;
			files = (
			);
			runOnlyForDeploymentPostprocessing = 0;
		};
/* End PBXResourcesBuildPhase section */

/* Begin PBXShellScriptBuildPhase section */
		1D009F93258B686B32A5E26F /* [CP] Check Pods Manifest.lock */ = {
			isa = PBXShellScriptBuildPhase;
			buildActionMask = 2147483647;
			files = (
			);
			inputPaths = (
				"${PODS_PODFILE_DIR_PATH}/Podfile.lock",
				"${PODS_ROOT}/Manifest.lock",
			);
			name = "[CP] Check Pods Manifest.lock";
			outputPaths = (
				"$(DERIVED_FILE_DIR)/Pods-SwiftyRest-checkManifestLockResult.txt",
			);
			runOnlyForDeploymentPostprocessing = 0;
			shellPath = /bin/sh;
			shellScript = "diff \"${PODS_PODFILE_DIR_PATH}/Podfile.lock\" \"${PODS_ROOT}/Manifest.lock\" > /dev/null\nif [ $? != 0 ] ; then\n    # print error to STDERR\n    echo \"error: The sandbox is not in sync with the Podfile.lock. Run 'pod install' or update your CocoaPods installation.\" >&2\n    exit 1\nfi\n# This output is used by Xcode 'outputs' to avoid re-running this script phase.\necho \"SUCCESS\" > \"${SCRIPT_OUTPUT_FILE_0}\"\n";
			showEnvVarsInLog = 0;
		};
		2EEA6EC48A49975D0C7A4F5A /* [CP] Copy Pods Resources */ = {
			isa = PBXShellScriptBuildPhase;
			buildActionMask = 2147483647;
			files = (
			);
			inputPaths = (
			);
			name = "[CP] Copy Pods Resources";
			outputPaths = (
			);
			runOnlyForDeploymentPostprocessing = 0;
			shellPath = /bin/sh;
			shellScript = "\"${SRCROOT}/Pods/Target Support Files/Pods-SwiftyRest/Pods-SwiftyRest-resources.sh\"\n";
			showEnvVarsInLog = 0;
		};
/* End PBXShellScriptBuildPhase section */

/* Begin PBXSourcesBuildPhase section */
		1E8455841DE6B1B6002607DF /* Sources */ = {
			isa = PBXSourcesBuildPhase;
			buildActionMask = 2147483647;
			files = (
				1E8455A51DE6B5EA002607DF /* ServiceConstants.swift in Sources */,
				1E8456C21DEFEA5A002607DF /* ObjectProperties.swift in Sources */,
				1E8455B31DE6CD29002607DF /* LogUitility.swift in Sources */,
				1E8458961DF545E8002607DF /* RequestHelper.swift in Sources */,
				1E8455AE1DE6CC69002607DF /* RestRequest.swift in Sources */,
				1E8455AC1DE6CBCD002607DF /* LinkRel.swift in Sources */,
				1E8455A71DE6C965002607DF /* ServiceHelper.swift in Sources */,
				1E8458981DF54784002607DF /* Utility.swift in Sources */,
				1E8456BD1DEFBCD8002607DF /* RequestBase.swift in Sources */,
				1E8456C01DEFD065002607DF /* RestObject.swift in Sources */,
				1E8455BA1DE6EAAE002607DF /* FileUtility.swift in Sources */,
				1E8455B61DE6DA16002607DF /* Error.swift in Sources */,
				1E8455AA1DE6CA8B002607DF /* UriBuilder.swift in Sources */,
			);
			runOnlyForDeploymentPostprocessing = 0;
		};
		1E84558F1DE6B1B6002607DF /* Sources */ = {
			isa = PBXSourcesBuildPhase;
			buildActionMask = 2147483647;
			files = (
				1E8455991DE6B1B6002607DF /* SwiftyRestTests.swift in Sources */,
			);
			runOnlyForDeploymentPostprocessing = 0;
		};
/* End PBXSourcesBuildPhase section */

/* Begin PBXTargetDependency section */
		1E8455961DE6B1B6002607DF /* PBXTargetDependency */ = {
			isa = PBXTargetDependency;
			target = 1E8455881DE6B1B6002607DF /* SwiftyRest */;
			targetProxy = 1E8455951DE6B1B6002607DF /* PBXContainerItemProxy */;
		};
/* End PBXTargetDependency section */

/* Begin XCBuildConfiguration section */
		1E84559B1DE6B1B6002607DF /* Debug */ = {
			isa = XCBuildConfiguration;
			buildSettings = {
				ALWAYS_SEARCH_USER_PATHS = NO;
				CLANG_ANALYZER_NONNULL = YES;
				CLANG_CXX_LANGUAGE_STANDARD = "gnu++0x";
				CLANG_CXX_LIBRARY = "libc++";
				CLANG_ENABLE_MODULES = YES;
				CLANG_ENABLE_OBJC_ARC = YES;
				CLANG_WARN_BLOCK_CAPTURE_AUTORELEASING = YES;
				CLANG_WARN_BOOL_CONVERSION = YES;
				CLANG_WARN_COMMA = YES;
				CLANG_WARN_CONSTANT_CONVERSION = YES;
				CLANG_WARN_DIRECT_OBJC_ISA_USAGE = YES_ERROR;
				CLANG_WARN_EMPTY_BODY = YES;
				CLANG_WARN_ENUM_CONVERSION = YES;
				CLANG_WARN_INFINITE_RECURSION = YES;
				CLANG_WARN_INT_CONVERSION = YES;
				CLANG_WARN_NON_LITERAL_NULL_CONVERSION = YES;
				CLANG_WARN_OBJC_LITERAL_CONVERSION = YES;
				CLANG_WARN_OBJC_ROOT_CLASS = YES_ERROR;
				CLANG_WARN_RANGE_LOOP_ANALYSIS = YES;
				CLANG_WARN_STRICT_PROTOTYPES = YES;
				CLANG_WARN_SUSPICIOUS_MOVE = YES;
				CLANG_WARN_UNREACHABLE_CODE = YES;
				CLANG_WARN__DUPLICATE_METHOD_MATCH = YES;
				CODE_SIGN_IDENTITY = "iPhone Developer: michyosyn@hotmail.com (422NYN7Y6R)";
				"CODE_SIGN_IDENTITY[sdk=iphoneos*]" = "iPhone Developer: michyosyn@hotmail.com (422NYN7Y6R)";
				COPY_PHASE_STRIP = NO;
				CURRENT_PROJECT_VERSION = 1;
				DEBUG_INFORMATION_FORMAT = dwarf;
				ENABLE_STRICT_OBJC_MSGSEND = YES;
				ENABLE_TESTABILITY = YES;
				GCC_C_LANGUAGE_STANDARD = gnu99;
				GCC_DYNAMIC_NO_PIC = NO;
				GCC_NO_COMMON_BLOCKS = YES;
				GCC_OPTIMIZATION_LEVEL = 0;
				GCC_PREPROCESSOR_DEFINITIONS = (
					"DEBUG=1",
					"$(inherited)",
				);
				GCC_WARN_64_TO_32_BIT_CONVERSION = YES;
				GCC_WARN_ABOUT_RETURN_TYPE = YES_ERROR;
				GCC_WARN_UNDECLARED_SELECTOR = YES;
				GCC_WARN_UNINITIALIZED_AUTOS = YES_AGGRESSIVE;
				GCC_WARN_UNUSED_FUNCTION = YES;
				GCC_WARN_UNUSED_VARIABLE = YES;
				IPHONEOS_DEPLOYMENT_TARGET = 9.3;
				MTL_ENABLE_DEBUG_INFO = YES;
				ONLY_ACTIVE_ARCH = YES;
				SDKROOT = iphoneos;
				SWIFT_OPTIMIZATION_LEVEL = "-Onone";
				SWIFT_VERSION = 4.0;
				TARGETED_DEVICE_FAMILY = "1,2";
				VERSIONING_SYSTEM = "apple-generic";
				VERSION_INFO_PREFIX = "";
			};
			name = Debug;
		};
		1E84559C1DE6B1B6002607DF /* Release */ = {
			isa = XCBuildConfiguration;
			buildSettings = {
				ALWAYS_SEARCH_USER_PATHS = NO;
				CLANG_ANALYZER_NONNULL = YES;
				CLANG_CXX_LANGUAGE_STANDARD = "gnu++0x";
				CLANG_CXX_LIBRARY = "libc++";
				CLANG_ENABLE_MODULES = YES;
				CLANG_ENABLE_OBJC_ARC = YES;
				CLANG_WARN_BLOCK_CAPTURE_AUTORELEASING = YES;
				CLANG_WARN_BOOL_CONVERSION = YES;
				CLANG_WARN_COMMA = YES;
				CLANG_WARN_CONSTANT_CONVERSION = YES;
				CLANG_WARN_DIRECT_OBJC_ISA_USAGE = YES_ERROR;
				CLANG_WARN_EMPTY_BODY = YES;
				CLANG_WARN_ENUM_CONVERSION = YES;
				CLANG_WARN_INFINITE_RECURSION = YES;
				CLANG_WARN_INT_CONVERSION = YES;
				CLANG_WARN_NON_LITERAL_NULL_CONVERSION = YES;
				CLANG_WARN_OBJC_LITERAL_CONVERSION = YES;
				CLANG_WARN_OBJC_ROOT_CLASS = YES_ERROR;
				CLANG_WARN_RANGE_LOOP_ANALYSIS = YES;
				CLANG_WARN_STRICT_PROTOTYPES = YES;
				CLANG_WARN_SUSPICIOUS_MOVE = YES;
				CLANG_WARN_UNREACHABLE_CODE = YES;
				CLANG_WARN__DUPLICATE_METHOD_MATCH = YES;
				CODE_SIGN_IDENTITY = "iPhone Developer: michyosyn@hotmail.com (422NYN7Y6R)";
				"CODE_SIGN_IDENTITY[sdk=iphoneos*]" = "iPhone Developer: michyosyn@hotmail.com (422NYN7Y6R)";
				COPY_PHASE_STRIP = NO;
				CURRENT_PROJECT_VERSION = 1;
				DEBUG_INFORMATION_FORMAT = "dwarf-with-dsym";
				ENABLE_NS_ASSERTIONS = NO;
				ENABLE_STRICT_OBJC_MSGSEND = YES;
				GCC_C_LANGUAGE_STANDARD = gnu99;
				GCC_NO_COMMON_BLOCKS = YES;
				GCC_WARN_64_TO_32_BIT_CONVERSION = YES;
				GCC_WARN_ABOUT_RETURN_TYPE = YES_ERROR;
				GCC_WARN_UNDECLARED_SELECTOR = YES;
				GCC_WARN_UNINITIALIZED_AUTOS = YES_AGGRESSIVE;
				GCC_WARN_UNUSED_FUNCTION = YES;
				GCC_WARN_UNUSED_VARIABLE = YES;
				IPHONEOS_DEPLOYMENT_TARGET = 9.3;
				MTL_ENABLE_DEBUG_INFO = NO;
				SDKROOT = iphoneos;
				SWIFT_OPTIMIZATION_LEVEL = "-Owholemodule";
				SWIFT_VERSION = 4.0;
				TARGETED_DEVICE_FAMILY = "1,2";
				VALIDATE_PRODUCT = YES;
				VERSIONING_SYSTEM = "apple-generic";
				VERSION_INFO_PREFIX = "";
			};
			name = Release;
		};
		1E84559E1DE6B1B6002607DF /* Debug */ = {
			isa = XCBuildConfiguration;
			baseConfigurationReference = 3761D4B0331658F87034F91D /* Pods-SwiftyRest.debug.xcconfig */;
			buildSettings = {
				ALWAYS_EMBED_SWIFT_STANDARD_LIBRARIES = YES;
				CLANG_ENABLE_MODULES = YES;
				"CODE_SIGN_IDENTITY[sdk=iphoneos*]" = "";
				DEFINES_MODULE = YES;
				DYLIB_COMPATIBILITY_VERSION = 1;
				DYLIB_CURRENT_VERSION = 1;
				DYLIB_INSTALL_NAME_BASE = "@rpath";
				INFOPLIST_FILE = SwiftyRest/Info.plist;
				INSTALL_PATH = "$(LOCAL_LIBRARY_DIR)/Frameworks";
				LD_RUNPATH_SEARCH_PATHS = "$(inherited) @executable_path/Frameworks @loader_path/Frameworks";
				PRODUCT_BUNDLE_IDENTIFIER = com.emc.SwiftyRest;
				PRODUCT_NAME = "$(TARGET_NAME)";
				SKIP_INSTALL = YES;
				SWIFT_OPTIMIZATION_LEVEL = "-Onone";
				SWIFT_SWIFT3_OBJC_INFERENCE = Default;
				SWIFT_VERSION = 4.0;
			};
			name = Debug;
		};
		1E84559F1DE6B1B6002607DF /* Release */ = {
			isa = XCBuildConfiguration;
			baseConfigurationReference = 7A517F53B287B1598B796F0E /* Pods-SwiftyRest.release.xcconfig */;
			buildSettings = {
				ALWAYS_EMBED_SWIFT_STANDARD_LIBRARIES = YES;
				CLANG_ENABLE_MODULES = YES;
				"CODE_SIGN_IDENTITY[sdk=iphoneos*]" = "";
				DEFINES_MODULE = YES;
				DYLIB_COMPATIBILITY_VERSION = 1;
				DYLIB_CURRENT_VERSION = 1;
				DYLIB_INSTALL_NAME_BASE = "@rpath";
				INFOPLIST_FILE = SwiftyRest/Info.plist;
				INSTALL_PATH = "$(LOCAL_LIBRARY_DIR)/Frameworks";
				LD_RUNPATH_SEARCH_PATHS = "$(inherited) @executable_path/Frameworks @loader_path/Frameworks";
				PRODUCT_BUNDLE_IDENTIFIER = com.emc.SwiftyRest;
				PRODUCT_NAME = "$(TARGET_NAME)";
				SKIP_INSTALL = YES;
				SWIFT_SWIFT3_OBJC_INFERENCE = Default;
				SWIFT_VERSION = 4.0;
			};
			name = Release;
		};
		1E8455A11DE6B1B6002607DF /* Debug */ = {
			isa = XCBuildConfiguration;
			buildSettings = {
				INFOPLIST_FILE = SwiftyRestTests/Info.plist;
				LD_RUNPATH_SEARCH_PATHS = "$(inherited) @executable_path/Frameworks @loader_path/Frameworks";
				PRODUCT_BUNDLE_IDENTIFIER = com.emc.SwiftyRestTests;
				PRODUCT_NAME = "$(TARGET_NAME)";
				SWIFT_SWIFT3_OBJC_INFERENCE = On;
				SWIFT_VERSION = 4.0;
			};
			name = Debug;
		};
		1E8455A21DE6B1B6002607DF /* Release */ = {
			isa = XCBuildConfiguration;
			buildSettings = {
				INFOPLIST_FILE = SwiftyRestTests/Info.plist;
				LD_RUNPATH_SEARCH_PATHS = "$(inherited) @executable_path/Frameworks @loader_path/Frameworks";
				PRODUCT_BUNDLE_IDENTIFIER = com.emc.SwiftyRestTests;
				PRODUCT_NAME = "$(TARGET_NAME)";
				SWIFT_SWIFT3_OBJC_INFERENCE = On;
				SWIFT_VERSION = 4.0;
			};
			name = Release;
		};
/* End XCBuildConfiguration section */

/* Begin XCConfigurationList section */
		1E8455831DE6B1B6002607DF /* Build configuration list for PBXProject "SwiftyRest" */ = {
			isa = XCConfigurationList;
			buildConfigurations = (
				1E84559B1DE6B1B6002607DF /* Debug */,
				1E84559C1DE6B1B6002607DF /* Release */,
			);
			defaultConfigurationIsVisible = 0;
			defaultConfigurationName = Release;
		};
		1E84559D1DE6B1B6002607DF /* Build configuration list for PBXNativeTarget "SwiftyRest" */ = {
			isa = XCConfigurationList;
			buildConfigurations = (
				1E84559E1DE6B1B6002607DF /* Debug */,
				1E84559F1DE6B1B6002607DF /* Release */,
			);
			defaultConfigurationIsVisible = 0;
			defaultConfigurationName = Release;
		};
		1E8455A01DE6B1B6002607DF /* Build configuration list for PBXNativeTarget "SwiftyRestTests" */ = {
			isa = XCConfigurationList;
			buildConfigurations = (
				1E8455A11DE6B1B6002607DF /* Debug */,
				1E8455A21DE6B1B6002607DF /* Release */,
			);
			defaultConfigurationIsVisible = 0;
			defaultConfigurationName = Release;
		};
/* End XCConfigurationList section */
	};
	rootObject = 1E8455801DE6B1B6002607DF /* Project object */;
}
